// !$*UTF8*$!
{
	archiveVersion = 1;
	classes = {
	};
	objectVersion = 55;
	objects = {

/* Begin PBXBuildFile section */
		684050A1994A14EEEC72D798 /* Pods_Spender.framework in Frameworks */ = {isa = PBXBuildFile; fileRef = 62D196E67E62F517D6D4A411 /* Pods_Spender.framework */; };
		6997C24E579F36C408BD2EB1 /* Pods_Spender_SpenderTests.framework in Frameworks */ = {isa = PBXBuildFile; fileRef = 0696D0929A7546EC73E59DE3 /* Pods_Spender_SpenderTests.framework */; };
		B5F3F9189CA0C711F3E9469A /* Pods_Spender_SpenderUITests.framework in Frameworks */ = {isa = PBXBuildFile; fileRef = A226962AF9C3EF698F43A402 /* Pods_Spender_SpenderUITests.framework */; };
		CB0DCAD6285F86CE004A87FA /* SettingsVM.swift in Sources */ = {isa = PBXBuildFile; fileRef = CB0DCAD5285F86CE004A87FA /* SettingsVM.swift */; };
		CB0DCADA285F8703004A87FA /* ActivityVM.swift in Sources */ = {isa = PBXBuildFile; fileRef = CB0DCAD9285F8703004A87FA /* ActivityVM.swift */; };
		CB0DCADC285F870C004A87FA /* WalletsVM.swift in Sources */ = {isa = PBXBuildFile; fileRef = CB0DCADB285F870C004A87FA /* WalletsVM.swift */; };
		CB0DCADE285F8719004A87FA /* HomeVM.swift in Sources */ = {isa = PBXBuildFile; fileRef = CB0DCADD285F8719004A87FA /* HomeVM.swift */; };
		CB0DCAE0285F872E004A87FA /* AuthVM.swift in Sources */ = {isa = PBXBuildFile; fileRef = CB0DCADF285F872E004A87FA /* AuthVM.swift */; };
		CB0DCAE3285F87C2004A87FA /* CommonVM.swift in Sources */ = {isa = PBXBuildFile; fileRef = CB0DCAE2285F87C2004A87FA /* CommonVM.swift */; };
		CB13A6C4277782CD00B89753 /* TransactionTableViewCell.swift in Sources */ = {isa = PBXBuildFile; fileRef = CB13A6C2277782CD00B89753 /* TransactionTableViewCell.swift */; };
		CB13A6C5277782CD00B89753 /* TransactionTableViewCell.xib in Resources */ = {isa = PBXBuildFile; fileRef = CB13A6C3277782CD00B89753 /* TransactionTableViewCell.xib */; };
		CB51DFC928962362006BCBB3 /* PinCodeVC.swift in Sources */ = {isa = PBXBuildFile; fileRef = CB51DFC828962362006BCBB3 /* PinCodeVC.swift */; };
		CB51DFCB2896236B006BCBB3 /* PinCode.storyboard in Resources */ = {isa = PBXBuildFile; fileRef = CB51DFCA2896236B006BCBB3 /* PinCode.storyboard */; };
		CB51DFCF289635FE006BCBB3 /* SpenderNavBar.swift in Sources */ = {isa = PBXBuildFile; fileRef = CB51DFCE289635FE006BCBB3 /* SpenderNavBar.swift */; };
		CB51DFD128963609006BCBB3 /* SpenderNavBar.xib in Resources */ = {isa = PBXBuildFile; fileRef = CB51DFD028963609006BCBB3 /* SpenderNavBar.xib */; };
		CB51DFD628965305006BCBB3 /* Pyidaungsu.ttf in Resources */ = {isa = PBXBuildFile; fileRef = CB51DFD528965305006BCBB3 /* Pyidaungsu.ttf */; };
		CB51DFDA28965522006BCBB3 /* UIFont + Extensions.swift in Sources */ = {isa = PBXBuildFile; fileRef = CB51DFD928965522006BCBB3 /* UIFont + Extensions.swift */; };
		CB51DFDC2896553D006BCBB3 /* UIColor + Extensions.swift in Sources */ = {isa = PBXBuildFile; fileRef = CB51DFDB2896553D006BCBB3 /* UIColor + Extensions.swift */; };
		CB51DFDE2896558B006BCBB3 /* SpenderImageViewController.swift in Sources */ = {isa = PBXBuildFile; fileRef = CB51DFDD2896558B006BCBB3 /* SpenderImageViewController.swift */; };
		CB51DFE02896559B006BCBB3 /* SpenderViewController.swift in Sources */ = {isa = PBXBuildFile; fileRef = CB51DFDF2896559B006BCBB3 /* SpenderViewController.swift */; };
		CB51DFEA28966674006BCBB3 /* Locale.swift in Sources */ = {isa = PBXBuildFile; fileRef = CB51DFE928966674006BCBB3 /* Locale.swift */; };
		CB51DFEE28966B06006BCBB3 /* UserDefaultsUtils.swift in Sources */ = {isa = PBXBuildFile; fileRef = CB51DFED28966B06006BCBB3 /* UserDefaultsUtils.swift */; };
		CB51DFF028967440006BCBB3 /* Localizable.swift in Sources */ = {isa = PBXBuildFile; fileRef = CB51DFEF28967440006BCBB3 /* Localizable.swift */; };
		CB51DFF828967B77006BCBB3 /* ColorAssets.xcassets in Resources */ = {isa = PBXBuildFile; fileRef = CB51DFF728967B77006BCBB3 /* ColorAssets.xcassets */; };
		CB51DFFA2896C650006BCBB3 /* AssociateObject.swift in Sources */ = {isa = PBXBuildFile; fileRef = CB51DFF92896C650006BCBB3 /* AssociateObject.swift */; };
		CB51E0032896D230006BCBB3 /* en.strings in Resources */ = {isa = PBXBuildFile; fileRef = CB51E0002896D22A006BCBB3 /* en.strings */; };
		CB51E0042896D230006BCBB3 /* mm.strings in Resources */ = {isa = PBXBuildFile; fileRef = CB51E0012896D22D006BCBB3 /* mm.strings */; };
		CB51E0052896D230006BCBB3 /* th.strings in Resources */ = {isa = PBXBuildFile; fileRef = CB51E0022896D230006BCBB3 /* th.strings */; };
		CB7BF850276F2C990090FE0A /* ViewController + Extensions.swift in Sources */ = {isa = PBXBuildFile; fileRef = CB7BF84F276F2C990090FE0A /* ViewController + Extensions.swift */; };
		CB7BF852276F387D0090FE0A /* Login.storyboard in Resources */ = {isa = PBXBuildFile; fileRef = CB7BF851276F387D0090FE0A /* Login.storyboard */; };
		CB7BF856276F4B2A0090FE0A /* MainTabBarViewController.swift in Sources */ = {isa = PBXBuildFile; fileRef = CB7BF855276F4B2A0090FE0A /* MainTabBarViewController.swift */; };
		CB7BF858276F4E150090FE0A /* HomeVC.swift in Sources */ = {isa = PBXBuildFile; fileRef = CB7BF857276F4E150090FE0A /* HomeVC.swift */; };
		CB7BF85B276F7D630090FE0A /* Home.storyboard in Resources */ = {isa = PBXBuildFile; fileRef = CB7BF85A276F7D630090FE0A /* Home.storyboard */; };
		CB7BF85D276F7D700090FE0A /* Wallets.storyboard in Resources */ = {isa = PBXBuildFile; fileRef = CB7BF85C276F7D700090FE0A /* Wallets.storyboard */; };
		CB7BF85F276F7D830090FE0A /* Activity.storyboard in Resources */ = {isa = PBXBuildFile; fileRef = CB7BF85E276F7D830090FE0A /* Activity.storyboard */; };
		CB7BF861276F7D9A0090FE0A /* Settings.storyboard in Resources */ = {isa = PBXBuildFile; fileRef = CB7BF860276F7D9A0090FE0A /* Settings.storyboard */; };
		CB7BF867276F81900090FE0A /* WalletsVC.swift in Sources */ = {isa = PBXBuildFile; fileRef = CB7BF866276F81900090FE0A /* WalletsVC.swift */; };
		CB7BF869276F819D0090FE0A /* ActivityVC.swift in Sources */ = {isa = PBXBuildFile; fileRef = CB7BF868276F819D0090FE0A /* ActivityVC.swift */; };
		CB7BF86B276F81A80090FE0A /* SettingsVC.swift in Sources */ = {isa = PBXBuildFile; fileRef = CB7BF86A276F81A80090FE0A /* SettingsVC.swift */; };
		CB8674F22896DC6B00144558 /* LoadingButton.swift in Sources */ = {isa = PBXBuildFile; fileRef = CB8674F12896DC6B00144558 /* LoadingButton.swift */; };
		CB8674F42896DC7A00144558 /* SpenderPrimaryButton.swift in Sources */ = {isa = PBXBuildFile; fileRef = CB8674F32896DC7A00144558 /* SpenderPrimaryButton.swift */; };
		CB8674F62896E1B900144558 /* API.swift in Sources */ = {isa = PBXBuildFile; fileRef = CB8674F52896E1B900144558 /* API.swift */; };
		CB8674F82896E50700144558 /* APIHeaders.swift in Sources */ = {isa = PBXBuildFile; fileRef = CB8674F72896E50700144558 /* APIHeaders.swift */; };
		CB8674FA2896EF6A00144558 /* AuthAPI.swift in Sources */ = {isa = PBXBuildFile; fileRef = CB8674F92896EF6A00144558 /* AuthAPI.swift */; };
		CB8674FC2896EF7200144558 /* WalletAPI.swift in Sources */ = {isa = PBXBuildFile; fileRef = CB8674FB2896EF7200144558 /* WalletAPI.swift */; };
		CB8674FE2896EF7D00144558 /* TransactionAPI.swift in Sources */ = {isa = PBXBuildFile; fileRef = CB8674FD2896EF7D00144558 /* TransactionAPI.swift */; };
		CB8675002896EF8900144558 /* AppConfigAPI.swift in Sources */ = {isa = PBXBuildFile; fileRef = CB8674FF2896EF8900144558 /* AppConfigAPI.swift */; };
		CB8675022896EF9400144558 /* FeedbackAPI.swift in Sources */ = {isa = PBXBuildFile; fileRef = CB8675012896EF9400144558 /* FeedbackAPI.swift */; };
		CB8675042896EFA700144558 /* ExchangeRateAPI.swift in Sources */ = {isa = PBXBuildFile; fileRef = CB8675032896EFA700144558 /* ExchangeRateAPI.swift */; };
		CB9749A7276A4F7700357BF2 /* AppDelegate.swift in Sources */ = {isa = PBXBuildFile; fileRef = CB9749A6276A4F7700357BF2 /* AppDelegate.swift */; };
		CB9749A9276A4F7700357BF2 /* SceneDelegate.swift in Sources */ = {isa = PBXBuildFile; fileRef = CB9749A8276A4F7700357BF2 /* SceneDelegate.swift */; };
		CB9749AB276A4F7700357BF2 /* ViewController.swift in Sources */ = {isa = PBXBuildFile; fileRef = CB9749AA276A4F7700357BF2 /* ViewController.swift */; };
		CB9749AE276A4F7700357BF2 /* Main.storyboard in Resources */ = {isa = PBXBuildFile; fileRef = CB9749AC276A4F7700357BF2 /* Main.storyboard */; };
		CB9749B0276A4F7800357BF2 /* Assets.xcassets in Resources */ = {isa = PBXBuildFile; fileRef = CB9749AF276A4F7800357BF2 /* Assets.xcassets */; };
		CB9749B3276A4F7800357BF2 /* LaunchScreen.storyboard in Resources */ = {isa = PBXBuildFile; fileRef = CB9749B1276A4F7800357BF2 /* LaunchScreen.storyboard */; };
		CB9749BE276A4F7800357BF2 /* SpenderTests.swift in Sources */ = {isa = PBXBuildFile; fileRef = CB9749BD276A4F7800357BF2 /* SpenderTests.swift */; };
		CB9749C8276A4F7800357BF2 /* SpenderUITests.swift in Sources */ = {isa = PBXBuildFile; fileRef = CB9749C7276A4F7800357BF2 /* SpenderUITests.swift */; };
		CB9749CA276A4F7800357BF2 /* SpenderUITestsLaunchTests.swift in Sources */ = {isa = PBXBuildFile; fileRef = CB9749C9276A4F7800357BF2 /* SpenderUITestsLaunchTests.swift */; };
		CB9749D7276A52A400357BF2 /* GoogleService-Info.plist in Resources */ = {isa = PBXBuildFile; fileRef = CB9749D6276A52A400357BF2 /* GoogleService-Info.plist */; };
		CBADC22B276DC6D900F8003A /* SplashScreenController.swift in Sources */ = {isa = PBXBuildFile; fileRef = CBADC22A276DC6D900F8003A /* SplashScreenController.swift */; };
		CBADC22D276DCABF00F8003A /* LoginVC.swift in Sources */ = {isa = PBXBuildFile; fileRef = CBADC22C276DCABF00F8003A /* LoginVC.swift */; };
/* End PBXBuildFile section */

/* Begin PBXContainerItemProxy section */
		CB9749BA276A4F7800357BF2 /* PBXContainerItemProxy */ = {
			isa = PBXContainerItemProxy;
			containerPortal = CB97499B276A4F7700357BF2 /* Project object */;
			proxyType = 1;
			remoteGlobalIDString = CB9749A2276A4F7700357BF2;
			remoteInfo = Spender;
		};
		CB9749C4276A4F7800357BF2 /* PBXContainerItemProxy */ = {
			isa = PBXContainerItemProxy;
			containerPortal = CB97499B276A4F7700357BF2 /* Project object */;
			proxyType = 1;
			remoteGlobalIDString = CB9749A2276A4F7700357BF2;
			remoteInfo = Spender;
		};
/* End PBXContainerItemProxy section */

/* Begin PBXFileReference section */
		0696D0929A7546EC73E59DE3 /* Pods_Spender_SpenderTests.framework */ = {isa = PBXFileReference; explicitFileType = wrapper.framework; includeInIndex = 0; path = Pods_Spender_SpenderTests.framework; sourceTree = BUILT_PRODUCTS_DIR; };
		30942941312E4434BBE4D489 /* Pods-Spender-SpenderUITests.release.xcconfig */ = {isa = PBXFileReference; includeInIndex = 1; lastKnownFileType = text.xcconfig; name = "Pods-Spender-SpenderUITests.release.xcconfig"; path = "Target Support Files/Pods-Spender-SpenderUITests/Pods-Spender-SpenderUITests.release.xcconfig"; sourceTree = "<group>"; };
		54B11920E6D26B9002FA5B20 /* Pods-Spender-SpenderTests.release.xcconfig */ = {isa = PBXFileReference; includeInIndex = 1; lastKnownFileType = text.xcconfig; name = "Pods-Spender-SpenderTests.release.xcconfig"; path = "Target Support Files/Pods-Spender-SpenderTests/Pods-Spender-SpenderTests.release.xcconfig"; sourceTree = "<group>"; };
		61BBA2CA7317496244184B0D /* Pods-Spender-SpenderTests.debug.xcconfig */ = {isa = PBXFileReference; includeInIndex = 1; lastKnownFileType = text.xcconfig; name = "Pods-Spender-SpenderTests.debug.xcconfig"; path = "Target Support Files/Pods-Spender-SpenderTests/Pods-Spender-SpenderTests.debug.xcconfig"; sourceTree = "<group>"; };
		62D196E67E62F517D6D4A411 /* Pods_Spender.framework */ = {isa = PBXFileReference; explicitFileType = wrapper.framework; includeInIndex = 0; path = Pods_Spender.framework; sourceTree = BUILT_PRODUCTS_DIR; };
		7A6DC89B4107F6319B6A9907 /* Pods-Spender-SpenderUITests.debug.xcconfig */ = {isa = PBXFileReference; includeInIndex = 1; lastKnownFileType = text.xcconfig; name = "Pods-Spender-SpenderUITests.debug.xcconfig"; path = "Target Support Files/Pods-Spender-SpenderUITests/Pods-Spender-SpenderUITests.debug.xcconfig"; sourceTree = "<group>"; };
		A226962AF9C3EF698F43A402 /* Pods_Spender_SpenderUITests.framework */ = {isa = PBXFileReference; explicitFileType = wrapper.framework; includeInIndex = 0; path = Pods_Spender_SpenderUITests.framework; sourceTree = BUILT_PRODUCTS_DIR; };
		C182BA3C70AFA8C15DC635AF /* Pods-Spender.debug.xcconfig */ = {isa = PBXFileReference; includeInIndex = 1; lastKnownFileType = text.xcconfig; name = "Pods-Spender.debug.xcconfig"; path = "Target Support Files/Pods-Spender/Pods-Spender.debug.xcconfig"; sourceTree = "<group>"; };
		CB0DCAD5285F86CE004A87FA /* SettingsVM.swift */ = {isa = PBXFileReference; lastKnownFileType = sourcecode.swift; path = SettingsVM.swift; sourceTree = "<group>"; };
		CB0DCAD9285F8703004A87FA /* ActivityVM.swift */ = {isa = PBXFileReference; lastKnownFileType = sourcecode.swift; path = ActivityVM.swift; sourceTree = "<group>"; };
		CB0DCADB285F870C004A87FA /* WalletsVM.swift */ = {isa = PBXFileReference; lastKnownFileType = sourcecode.swift; path = WalletsVM.swift; sourceTree = "<group>"; };
		CB0DCADD285F8719004A87FA /* HomeVM.swift */ = {isa = PBXFileReference; lastKnownFileType = sourcecode.swift; path = HomeVM.swift; sourceTree = "<group>"; };
		CB0DCADF285F872E004A87FA /* AuthVM.swift */ = {isa = PBXFileReference; lastKnownFileType = sourcecode.swift; path = AuthVM.swift; sourceTree = "<group>"; };
		CB0DCAE2285F87C2004A87FA /* CommonVM.swift */ = {isa = PBXFileReference; lastKnownFileType = sourcecode.swift; path = CommonVM.swift; sourceTree = "<group>"; };
		CB13A6C2277782CD00B89753 /* TransactionTableViewCell.swift */ = {isa = PBXFileReference; lastKnownFileType = sourcecode.swift; path = TransactionTableViewCell.swift; sourceTree = "<group>"; };
		CB13A6C3277782CD00B89753 /* TransactionTableViewCell.xib */ = {isa = PBXFileReference; lastKnownFileType = file.xib; path = TransactionTableViewCell.xib; sourceTree = "<group>"; };
		CB51DFC828962362006BCBB3 /* PinCodeVC.swift */ = {isa = PBXFileReference; lastKnownFileType = sourcecode.swift; path = PinCodeVC.swift; sourceTree = "<group>"; };
		CB51DFCA2896236B006BCBB3 /* PinCode.storyboard */ = {isa = PBXFileReference; lastKnownFileType = file.storyboard; path = PinCode.storyboard; sourceTree = "<group>"; };
		CB51DFCE289635FE006BCBB3 /* SpenderNavBar.swift */ = {isa = PBXFileReference; lastKnownFileType = sourcecode.swift; path = SpenderNavBar.swift; sourceTree = "<group>"; };
		CB51DFD028963609006BCBB3 /* SpenderNavBar.xib */ = {isa = PBXFileReference; lastKnownFileType = file.xib; path = SpenderNavBar.xib; sourceTree = "<group>"; };
		CB51DFD528965305006BCBB3 /* Pyidaungsu.ttf */ = {isa = PBXFileReference; lastKnownFileType = file; path = Pyidaungsu.ttf; sourceTree = "<group>"; };
		CB51DFD928965522006BCBB3 /* UIFont + Extensions.swift */ = {isa = PBXFileReference; lastKnownFileType = sourcecode.swift; path = "UIFont + Extensions.swift"; sourceTree = "<group>"; };
		CB51DFDB2896553D006BCBB3 /* UIColor + Extensions.swift */ = {isa = PBXFileReference; lastKnownFileType = sourcecode.swift; path = "UIColor + Extensions.swift"; sourceTree = "<group>"; };
		CB51DFDD2896558B006BCBB3 /* SpenderImageViewController.swift */ = {isa = PBXFileReference; lastKnownFileType = sourcecode.swift; path = SpenderImageViewController.swift; sourceTree = "<group>"; };
		CB51DFDF2896559B006BCBB3 /* SpenderViewController.swift */ = {isa = PBXFileReference; lastKnownFileType = sourcecode.swift; path = SpenderViewController.swift; sourceTree = "<group>"; };
		CB51DFE928966674006BCBB3 /* Locale.swift */ = {isa = PBXFileReference; lastKnownFileType = sourcecode.swift; path = Locale.swift; sourceTree = "<group>"; };
		CB51DFED28966B06006BCBB3 /* UserDefaultsUtils.swift */ = {isa = PBXFileReference; lastKnownFileType = sourcecode.swift; path = UserDefaultsUtils.swift; sourceTree = "<group>"; };
		CB51DFEF28967440006BCBB3 /* Localizable.swift */ = {isa = PBXFileReference; lastKnownFileType = sourcecode.swift; path = Localizable.swift; sourceTree = "<group>"; };
		CB51DFF728967B77006BCBB3 /* ColorAssets.xcassets */ = {isa = PBXFileReference; lastKnownFileType = folder.assetcatalog; path = ColorAssets.xcassets; sourceTree = "<group>"; };
		CB51DFF92896C650006BCBB3 /* AssociateObject.swift */ = {isa = PBXFileReference; lastKnownFileType = sourcecode.swift; path = AssociateObject.swift; sourceTree = "<group>"; };
		CB51DFFB2896D092006BCBB3 /* th */ = {isa = PBXFileReference; lastKnownFileType = text.plist.strings; name = th; path = th.lproj/Main.strings; sourceTree = "<group>"; };
		CB51DFFC2896D093006BCBB3 /* th */ = {isa = PBXFileReference; lastKnownFileType = text.plist.strings; name = th; path = th.lproj/LaunchScreen.strings; sourceTree = "<group>"; };
		CB51DFFD2896D0B4006BCBB3 /* my */ = {isa = PBXFileReference; lastKnownFileType = text.plist.strings; name = my; path = my.lproj/Main.strings; sourceTree = "<group>"; };
		CB51DFFE2896D0B6006BCBB3 /* my */ = {isa = PBXFileReference; lastKnownFileType = text.plist.strings; name = my; path = my.lproj/LaunchScreen.strings; sourceTree = "<group>"; };
		CB51E0002896D22A006BCBB3 /* en.strings */ = {isa = PBXFileReference; fileEncoding = 4; lastKnownFileType = text.plist.strings; path = en.strings; sourceTree = "<group>"; };
		CB51E0012896D22D006BCBB3 /* mm.strings */ = {isa = PBXFileReference; fileEncoding = 4; lastKnownFileType = text.plist.strings; path = mm.strings; sourceTree = "<group>"; };
		CB51E0022896D230006BCBB3 /* th.strings */ = {isa = PBXFileReference; fileEncoding = 4; lastKnownFileType = text.plist.strings; path = th.strings; sourceTree = "<group>"; };
		CB7BF84F276F2C990090FE0A /* ViewController + Extensions.swift */ = {isa = PBXFileReference; lastKnownFileType = sourcecode.swift; path = "ViewController + Extensions.swift"; sourceTree = "<group>"; };
		CB7BF851276F387D0090FE0A /* Login.storyboard */ = {isa = PBXFileReference; lastKnownFileType = file.storyboard; path = Login.storyboard; sourceTree = "<group>"; };
		CB7BF855276F4B2A0090FE0A /* MainTabBarViewController.swift */ = {isa = PBXFileReference; lastKnownFileType = sourcecode.swift; path = MainTabBarViewController.swift; sourceTree = "<group>"; };
		CB7BF857276F4E150090FE0A /* HomeVC.swift */ = {isa = PBXFileReference; lastKnownFileType = sourcecode.swift; path = HomeVC.swift; sourceTree = "<group>"; };
		CB7BF85A276F7D630090FE0A /* Home.storyboard */ = {isa = PBXFileReference; lastKnownFileType = file.storyboard; path = Home.storyboard; sourceTree = "<group>"; };
		CB7BF85C276F7D700090FE0A /* Wallets.storyboard */ = {isa = PBXFileReference; lastKnownFileType = file.storyboard; path = Wallets.storyboard; sourceTree = "<group>"; };
		CB7BF85E276F7D830090FE0A /* Activity.storyboard */ = {isa = PBXFileReference; lastKnownFileType = file.storyboard; path = Activity.storyboard; sourceTree = "<group>"; };
		CB7BF860276F7D9A0090FE0A /* Settings.storyboard */ = {isa = PBXFileReference; lastKnownFileType = file.storyboard; path = Settings.storyboard; sourceTree = "<group>"; };
		CB7BF866276F81900090FE0A /* WalletsVC.swift */ = {isa = PBXFileReference; lastKnownFileType = sourcecode.swift; path = WalletsVC.swift; sourceTree = "<group>"; };
		CB7BF868276F819D0090FE0A /* ActivityVC.swift */ = {isa = PBXFileReference; lastKnownFileType = sourcecode.swift; path = ActivityVC.swift; sourceTree = "<group>"; };
		CB7BF86A276F81A80090FE0A /* SettingsVC.swift */ = {isa = PBXFileReference; lastKnownFileType = sourcecode.swift; path = SettingsVC.swift; sourceTree = "<group>"; };
		CB8674F12896DC6B00144558 /* LoadingButton.swift */ = {isa = PBXFileReference; lastKnownFileType = sourcecode.swift; path = LoadingButton.swift; sourceTree = "<group>"; };
		CB8674F32896DC7A00144558 /* SpenderPrimaryButton.swift */ = {isa = PBXFileReference; lastKnownFileType = sourcecode.swift; path = SpenderPrimaryButton.swift; sourceTree = "<group>"; };
		CB8674F52896E1B900144558 /* API.swift */ = {isa = PBXFileReference; lastKnownFileType = sourcecode.swift; path = API.swift; sourceTree = "<group>"; };
		CB8674F72896E50700144558 /* APIHeaders.swift */ = {isa = PBXFileReference; lastKnownFileType = sourcecode.swift; path = APIHeaders.swift; sourceTree = "<group>"; };
		CB8674F92896EF6A00144558 /* AuthAPI.swift */ = {isa = PBXFileReference; lastKnownFileType = sourcecode.swift; path = AuthAPI.swift; sourceTree = "<group>"; };
		CB8674FB2896EF7200144558 /* WalletAPI.swift */ = {isa = PBXFileReference; lastKnownFileType = sourcecode.swift; path = WalletAPI.swift; sourceTree = "<group>"; };
		CB8674FD2896EF7D00144558 /* TransactionAPI.swift */ = {isa = PBXFileReference; lastKnownFileType = sourcecode.swift; path = TransactionAPI.swift; sourceTree = "<group>"; };
		CB8674FF2896EF8900144558 /* AppConfigAPI.swift */ = {isa = PBXFileReference; lastKnownFileType = sourcecode.swift; path = AppConfigAPI.swift; sourceTree = "<group>"; };
		CB8675012896EF9400144558 /* FeedbackAPI.swift */ = {isa = PBXFileReference; lastKnownFileType = sourcecode.swift; path = FeedbackAPI.swift; sourceTree = "<group>"; };
		CB8675032896EFA700144558 /* ExchangeRateAPI.swift */ = {isa = PBXFileReference; lastKnownFileType = sourcecode.swift; path = ExchangeRateAPI.swift; sourceTree = "<group>"; };
		CB9749A3276A4F7700357BF2 /* Spender.app */ = {isa = PBXFileReference; explicitFileType = wrapper.application; includeInIndex = 0; path = Spender.app; sourceTree = BUILT_PRODUCTS_DIR; };
		CB9749A6276A4F7700357BF2 /* AppDelegate.swift */ = {isa = PBXFileReference; lastKnownFileType = sourcecode.swift; path = AppDelegate.swift; sourceTree = "<group>"; };
		CB9749A8276A4F7700357BF2 /* SceneDelegate.swift */ = {isa = PBXFileReference; lastKnownFileType = sourcecode.swift; path = SceneDelegate.swift; sourceTree = "<group>"; };
		CB9749AA276A4F7700357BF2 /* ViewController.swift */ = {isa = PBXFileReference; lastKnownFileType = sourcecode.swift; path = ViewController.swift; sourceTree = "<group>"; };
		CB9749AD276A4F7700357BF2 /* Base */ = {isa = PBXFileReference; lastKnownFileType = file.storyboard; name = Base; path = Base.lproj/Main.storyboard; sourceTree = "<group>"; };
		CB9749AF276A4F7800357BF2 /* Assets.xcassets */ = {isa = PBXFileReference; lastKnownFileType = folder.assetcatalog; path = Assets.xcassets; sourceTree = "<group>"; };
		CB9749B2276A4F7800357BF2 /* Base */ = {isa = PBXFileReference; lastKnownFileType = file.storyboard; name = Base; path = Base.lproj/LaunchScreen.storyboard; sourceTree = "<group>"; };
		CB9749B4276A4F7800357BF2 /* Info.plist */ = {isa = PBXFileReference; lastKnownFileType = text.plist.xml; path = Info.plist; sourceTree = "<group>"; };
		CB9749B9276A4F7800357BF2 /* SpenderTests.xctest */ = {isa = PBXFileReference; explicitFileType = wrapper.cfbundle; includeInIndex = 0; path = SpenderTests.xctest; sourceTree = BUILT_PRODUCTS_DIR; };
		CB9749BD276A4F7800357BF2 /* SpenderTests.swift */ = {isa = PBXFileReference; lastKnownFileType = sourcecode.swift; path = SpenderTests.swift; sourceTree = "<group>"; };
		CB9749C3276A4F7800357BF2 /* SpenderUITests.xctest */ = {isa = PBXFileReference; explicitFileType = wrapper.cfbundle; includeInIndex = 0; path = SpenderUITests.xctest; sourceTree = BUILT_PRODUCTS_DIR; };
		CB9749C7276A4F7800357BF2 /* SpenderUITests.swift */ = {isa = PBXFileReference; lastKnownFileType = sourcecode.swift; path = SpenderUITests.swift; sourceTree = "<group>"; };
		CB9749C9276A4F7800357BF2 /* SpenderUITestsLaunchTests.swift */ = {isa = PBXFileReference; lastKnownFileType = sourcecode.swift; path = SpenderUITestsLaunchTests.swift; sourceTree = "<group>"; };
		CB9749D6276A52A400357BF2 /* GoogleService-Info.plist */ = {isa = PBXFileReference; fileEncoding = 4; lastKnownFileType = text.plist.xml; path = "GoogleService-Info.plist"; sourceTree = "<group>"; };
		CBADC22A276DC6D900F8003A /* SplashScreenController.swift */ = {isa = PBXFileReference; lastKnownFileType = sourcecode.swift; path = SplashScreenController.swift; sourceTree = "<group>"; };
		CBADC22C276DCABF00F8003A /* LoginVC.swift */ = {isa = PBXFileReference; lastKnownFileType = sourcecode.swift; path = LoginVC.swift; sourceTree = "<group>"; };
		CC4A85D7CEC8AA7DA6041D72 /* Pods-Spender.release.xcconfig */ = {isa = PBXFileReference; includeInIndex = 1; lastKnownFileType = text.xcconfig; name = "Pods-Spender.release.xcconfig"; path = "Target Support Files/Pods-Spender/Pods-Spender.release.xcconfig"; sourceTree = "<group>"; };
/* End PBXFileReference section */

/* Begin PBXFrameworksBuildPhase section */
		CB9749A0276A4F7700357BF2 /* Frameworks */ = {
			isa = PBXFrameworksBuildPhase;
			buildActionMask = 2147483647;
			files = (
				684050A1994A14EEEC72D798 /* Pods_Spender.framework in Frameworks */,
			);
			runOnlyForDeploymentPostprocessing = 0;
		};
		CB9749B6276A4F7800357BF2 /* Frameworks */ = {
			isa = PBXFrameworksBuildPhase;
			buildActionMask = 2147483647;
			files = (
				6997C24E579F36C408BD2EB1 /* Pods_Spender_SpenderTests.framework in Frameworks */,
			);
			runOnlyForDeploymentPostprocessing = 0;
		};
		CB9749C0276A4F7800357BF2 /* Frameworks */ = {
			isa = PBXFrameworksBuildPhase;
			buildActionMask = 2147483647;
			files = (
				B5F3F9189CA0C711F3E9469A /* Pods_Spender_SpenderUITests.framework in Frameworks */,
			);
			runOnlyForDeploymentPostprocessing = 0;
		};
/* End PBXFrameworksBuildPhase section */

/* Begin PBXGroup section */
		1F2543A30A9E12602F91866E /* Pods */ = {
			isa = PBXGroup;
			children = (
				C182BA3C70AFA8C15DC635AF /* Pods-Spender.debug.xcconfig */,
				CC4A85D7CEC8AA7DA6041D72 /* Pods-Spender.release.xcconfig */,
				61BBA2CA7317496244184B0D /* Pods-Spender-SpenderTests.debug.xcconfig */,
				54B11920E6D26B9002FA5B20 /* Pods-Spender-SpenderTests.release.xcconfig */,
				7A6DC89B4107F6319B6A9907 /* Pods-Spender-SpenderUITests.debug.xcconfig */,
				30942941312E4434BBE4D489 /* Pods-Spender-SpenderUITests.release.xcconfig */,
			);
			path = Pods;
			sourceTree = "<group>";
		};
		CB0DB1482868544800307C36 /* Data */ = {
			isa = PBXGroup;
			children = (
				CB0DCAD7285F86E0004A87FA /* DB */,
				CB0DCAD3285F859B004A87FA /* API */,
			);
			path = Data;
			sourceTree = "<group>";
		};
		CB0DCAD3285F859B004A87FA /* API */ = {
			isa = PBXGroup;
			children = (
				CB8674F52896E1B900144558 /* API.swift */,
				CB8674F72896E50700144558 /* APIHeaders.swift */,
				CB8674F92896EF6A00144558 /* AuthAPI.swift */,
				CB8674FB2896EF7200144558 /* WalletAPI.swift */,
				CB8674FD2896EF7D00144558 /* TransactionAPI.swift */,
				CB8674FF2896EF8900144558 /* AppConfigAPI.swift */,
				CB8675012896EF9400144558 /* FeedbackAPI.swift */,
				CB8675032896EFA700144558 /* ExchangeRateAPI.swift */,
			);
			path = API;
			sourceTree = "<group>";
		};
		CB0DCAD4285F86A7004A87FA /* Models */ = {
			isa = PBXGroup;
			children = (
			);
			path = Models;
			sourceTree = "<group>";
		};
		CB0DCAD7285F86E0004A87FA /* DB */ = {
			isa = PBXGroup;
			children = (
			);
			path = DB;
			sourceTree = "<group>";
		};
		CB0DCAE1285F879B004A87FA /* Common */ = {
			isa = PBXGroup;
			children = (
				CBADC22A276DC6D900F8003A /* SplashScreenController.swift */,
				CB0DCAE2285F87C2004A87FA /* CommonVM.swift */,
			);
			path = Common;
			sourceTree = "<group>";
		};
		CB51DFC728962345006BCBB3 /* PinScreen */ = {
			isa = PBXGroup;
			children = (
				CB51DFC828962362006BCBB3 /* PinCodeVC.swift */,
				CB51DFCA2896236B006BCBB3 /* PinCode.storyboard */,
			);
			path = PinScreen;
			sourceTree = "<group>";
		};
		CB51DFCD289635D1006BCBB3 /* Spender Navigation Bar */ = {
			isa = PBXGroup;
			children = (
				CB51DFCE289635FE006BCBB3 /* SpenderNavBar.swift */,
				CB51DFD028963609006BCBB3 /* SpenderNavBar.xib */,
			);
			path = "Spender Navigation Bar";
			sourceTree = "<group>";
		};
		CB51DFD228963728006BCBB3 /* LocaleUtils */ = {
			isa = PBXGroup;
			children = (
				CB51DFE928966674006BCBB3 /* Locale.swift */,
				CB51DFEF28967440006BCBB3 /* Localizable.swift */,
				CB51DFF92896C650006BCBB3 /* AssociateObject.swift */,
			);
			path = LocaleUtils;
			sourceTree = "<group>";
		};
		CB51DFD3289651B1006BCBB3 /* SpenderButtons */ = {
			isa = PBXGroup;
			children = (
				CB8674F12896DC6B00144558 /* LoadingButton.swift */,
				CB8674F32896DC7A00144558 /* SpenderPrimaryButton.swift */,
			);
			path = SpenderButtons;
			sourceTree = "<group>";
		};
		CB51DFD4289652D8006BCBB3 /* Fonts */ = {
			isa = PBXGroup;
			children = (
				CB51DFD528965305006BCBB3 /* Pyidaungsu.ttf */,
			);
			path = Fonts;
			sourceTree = "<group>";
		};
		CB51DFFF2896D214006BCBB3 /* Localization */ = {
			isa = PBXGroup;
			children = (
				CB51E0002896D22A006BCBB3 /* en.strings */,
				CB51E0012896D22D006BCBB3 /* mm.strings */,
				CB51E0022896D230006BCBB3 /* th.strings */,
			);
			path = Localization;
			sourceTree = "<group>";
		};
		CB7BF853276F4AAD0090FE0A /* Authentication */ = {
			isa = PBXGroup;
			children = (
				CB51DFC728962345006BCBB3 /* PinScreen */,
				CB8674F02896D82000144558 /* Login */,
				CB0DCADF285F872E004A87FA /* AuthVM.swift */,
			);
			path = Authentication;
			sourceTree = "<group>";
		};
		CB7BF854276F4ABB0090FE0A /* Main */ = {
			isa = PBXGroup;
			children = (
				CB9749AC276A4F7700357BF2 /* Main.storyboard */,
				CB7BF855276F4B2A0090FE0A /* MainTabBarViewController.swift */,
				CB9749AA276A4F7700357BF2 /* ViewController.swift */,
			);
			path = Main;
			sourceTree = "<group>";
		};
		CB7BF862276F814A0090FE0A /* Home */ = {
			isa = PBXGroup;
			children = (
				CB7BF85A276F7D630090FE0A /* Home.storyboard */,
				CB7BF857276F4E150090FE0A /* HomeVC.swift */,
				CB0DCADD285F8719004A87FA /* HomeVM.swift */,
			);
			path = Home;
			sourceTree = "<group>";
		};
		CB7BF863276F81510090FE0A /* Wallets */ = {
			isa = PBXGroup;
			children = (
				CB7BF85C276F7D700090FE0A /* Wallets.storyboard */,
				CB7BF866276F81900090FE0A /* WalletsVC.swift */,
				CB0DCADB285F870C004A87FA /* WalletsVM.swift */,
			);
			path = Wallets;
			sourceTree = "<group>";
		};
		CB7BF864276F81590090FE0A /* Activity */ = {
			isa = PBXGroup;
			children = (
				CB7BF85E276F7D830090FE0A /* Activity.storyboard */,
				CB7BF868276F819D0090FE0A /* ActivityVC.swift */,
				CB0DCAD9285F8703004A87FA /* ActivityVM.swift */,
			);
			path = Activity;
			sourceTree = "<group>";
		};
		CB7BF865276F81640090FE0A /* Settings */ = {
			isa = PBXGroup;
			children = (
				CB7BF860276F7D9A0090FE0A /* Settings.storyboard */,
				CB7BF86A276F81A80090FE0A /* SettingsVC.swift */,
				CB0DCAD5285F86CE004A87FA /* SettingsVM.swift */,
			);
			path = Settings;
			sourceTree = "<group>";
		};
		CB7BF86C276F87490090FE0A /* Utilities */ = {
			isa = PBXGroup;
			children = (
				CB51DFD228963728006BCBB3 /* LocaleUtils */,
				CB51DFED28966B06006BCBB3 /* UserDefaultsUtils.swift */,
			);
			path = Utilities;
			sourceTree = "<group>";
		};
		CB8674F02896D82000144558 /* Login */ = {
			isa = PBXGroup;
			children = (
				CB7BF851276F387D0090FE0A /* Login.storyboard */,
				CBADC22C276DCABF00F8003A /* LoginVC.swift */,
			);
			path = Login;
			sourceTree = "<group>";
		};
		CB97499A276A4F7700357BF2 = {
			isa = PBXGroup;
			children = (
				CB9749A5276A4F7700357BF2 /* Spender */,
				CB9749BC276A4F7800357BF2 /* SpenderTests */,
				CB9749C6276A4F7800357BF2 /* SpenderUITests */,
				CB9749A4276A4F7700357BF2 /* Products */,
				1F2543A30A9E12602F91866E /* Pods */,
				FC7ED27727377D2CC119CD96 /* Frameworks */,
			);
			sourceTree = "<group>";
		};
		CB9749A4276A4F7700357BF2 /* Products */ = {
			isa = PBXGroup;
			children = (
				CB9749A3276A4F7700357BF2 /* Spender.app */,
				CB9749B9276A4F7800357BF2 /* SpenderTests.xctest */,
				CB9749C3276A4F7800357BF2 /* SpenderUITests.xctest */,
			);
			name = Products;
			sourceTree = "<group>";
		};
		CB9749A5276A4F7700357BF2 /* Spender */ = {
			isa = PBXGroup;
			children = (
				CB0DCAD4285F86A7004A87FA /* Models */,
				CB0DB1482868544800307C36 /* Data */,
				CB7BF86C276F87490090FE0A /* Utilities */,
				CBADC229276DBEA300F8003A /* Resources */,
				CBADC228276DBE9900F8003A /* Extensions */,
				CBADC227276DBE8900F8003A /* XIBs */,
				CBADC226276DBE7A00F8003A /* Controllers */,
				CBADC225276DBE6E00F8003A /* Views */,
				CB9749A6276A4F7700357BF2 /* AppDelegate.swift */,
				CB9749A8276A4F7700357BF2 /* SceneDelegate.swift */,
				CB9749B4276A4F7800357BF2 /* Info.plist */,
				CB9749D6276A52A400357BF2 /* GoogleService-Info.plist */,
			);
			path = Spender;
			sourceTree = "<group>";
		};
		CB9749BC276A4F7800357BF2 /* SpenderTests */ = {
			isa = PBXGroup;
			children = (
				CB9749BD276A4F7800357BF2 /* SpenderTests.swift */,
			);
			path = SpenderTests;
			sourceTree = "<group>";
		};
		CB9749C6276A4F7800357BF2 /* SpenderUITests */ = {
			isa = PBXGroup;
			children = (
				CB9749C7276A4F7800357BF2 /* SpenderUITests.swift */,
				CB9749C9276A4F7800357BF2 /* SpenderUITestsLaunchTests.swift */,
			);
			path = SpenderUITests;
			sourceTree = "<group>";
		};
		CBADC225276DBE6E00F8003A /* Views */ = {
			isa = PBXGroup;
			children = (
				CB51DFD3289651B1006BCBB3 /* SpenderButtons */,
				CB51DFCD289635D1006BCBB3 /* Spender Navigation Bar */,
				CB9749B1276A4F7800357BF2 /* LaunchScreen.storyboard */,
				CB51DFDD2896558B006BCBB3 /* SpenderImageViewController.swift */,
				CB51DFDF2896559B006BCBB3 /* SpenderViewController.swift */,
			);
			path = Views;
			sourceTree = "<group>";
		};
		CBADC226276DBE7A00F8003A /* Controllers */ = {
			isa = PBXGroup;
			children = (
				CB0DCAE1285F879B004A87FA /* Common */,
				CB7BF865276F81640090FE0A /* Settings */,
				CB7BF864276F81590090FE0A /* Activity */,
				CB7BF863276F81510090FE0A /* Wallets */,
				CB7BF862276F814A0090FE0A /* Home */,
				CB7BF854276F4ABB0090FE0A /* Main */,
				CB7BF853276F4AAD0090FE0A /* Authentication */,
			);
			path = Controllers;
			sourceTree = "<group>";
		};
		CBADC227276DBE8900F8003A /* XIBs */ = {
			isa = PBXGroup;
			children = (
				CB13A6C2277782CD00B89753 /* TransactionTableViewCell.swift */,
				CB13A6C3277782CD00B89753 /* TransactionTableViewCell.xib */,
			);
			path = XIBs;
			sourceTree = "<group>";
		};
		CBADC228276DBE9900F8003A /* Extensions */ = {
			isa = PBXGroup;
			children = (
				CB7BF84F276F2C990090FE0A /* ViewController + Extensions.swift */,
				CB51DFD928965522006BCBB3 /* UIFont + Extensions.swift */,
				CB51DFDB2896553D006BCBB3 /* UIColor + Extensions.swift */,
			);
			path = Extensions;
			sourceTree = "<group>";
		};
		CBADC229276DBEA300F8003A /* Resources */ = {
			isa = PBXGroup;
			children = (
				CB51DFFF2896D214006BCBB3 /* Localization */,
				CB51DFD4289652D8006BCBB3 /* Fonts */,
				CB9749AF276A4F7800357BF2 /* Assets.xcassets */,
				CB51DFF728967B77006BCBB3 /* ColorAssets.xcassets */,
			);
			path = Resources;
			sourceTree = "<group>";
		};
		FC7ED27727377D2CC119CD96 /* Frameworks */ = {
			isa = PBXGroup;
			children = (
				62D196E67E62F517D6D4A411 /* Pods_Spender.framework */,
				0696D0929A7546EC73E59DE3 /* Pods_Spender_SpenderTests.framework */,
				A226962AF9C3EF698F43A402 /* Pods_Spender_SpenderUITests.framework */,
			);
			name = Frameworks;
			sourceTree = "<group>";
		};
/* End PBXGroup section */

/* Begin PBXNativeTarget section */
		CB9749A2276A4F7700357BF2 /* Spender */ = {
			isa = PBXNativeTarget;
			buildConfigurationList = CB9749CD276A4F7800357BF2 /* Build configuration list for PBXNativeTarget "Spender" */;
			buildPhases = (
				5CB99EFC4D71C764C900B3F7 /* [CP] Check Pods Manifest.lock */,
				CB97499F276A4F7700357BF2 /* Sources */,
				CB9749A0276A4F7700357BF2 /* Frameworks */,
				CB9749A1276A4F7700357BF2 /* Resources */,
				1DEB4B90FBDCBFC11789980D /* [CP] Embed Pods Frameworks */,
			);
			buildRules = (
			);
			dependencies = (
			);
			name = Spender;
			productName = Spender;
			productReference = CB9749A3276A4F7700357BF2 /* Spender.app */;
			productType = "com.apple.product-type.application";
		};
		CB9749B8276A4F7800357BF2 /* SpenderTests */ = {
			isa = PBXNativeTarget;
			buildConfigurationList = CB9749D0276A4F7800357BF2 /* Build configuration list for PBXNativeTarget "SpenderTests" */;
			buildPhases = (
				05672EC18DBADDDA105CA233 /* [CP] Check Pods Manifest.lock */,
				CB9749B5276A4F7800357BF2 /* Sources */,
				CB9749B6276A4F7800357BF2 /* Frameworks */,
				CB9749B7276A4F7800357BF2 /* Resources */,
				FB05E1FE17D16D635446BCAC /* [CP] Embed Pods Frameworks */,
			);
			buildRules = (
			);
			dependencies = (
				CB9749BB276A4F7800357BF2 /* PBXTargetDependency */,
			);
			name = SpenderTests;
			productName = SpenderTests;
			productReference = CB9749B9276A4F7800357BF2 /* SpenderTests.xctest */;
			productType = "com.apple.product-type.bundle.unit-test";
		};
		CB9749C2276A4F7800357BF2 /* SpenderUITests */ = {
			isa = PBXNativeTarget;
			buildConfigurationList = CB9749D3276A4F7800357BF2 /* Build configuration list for PBXNativeTarget "SpenderUITests" */;
			buildPhases = (
				89C6E462D968904130557C81 /* [CP] Check Pods Manifest.lock */,
				CB9749BF276A4F7800357BF2 /* Sources */,
				CB9749C0276A4F7800357BF2 /* Frameworks */,
				CB9749C1276A4F7800357BF2 /* Resources */,
				87C59F499295B2F869AA4279 /* [CP] Embed Pods Frameworks */,
			);
			buildRules = (
			);
			dependencies = (
				CB9749C5276A4F7800357BF2 /* PBXTargetDependency */,
			);
			name = SpenderUITests;
			productName = SpenderUITests;
			productReference = CB9749C3276A4F7800357BF2 /* SpenderUITests.xctest */;
			productType = "com.apple.product-type.bundle.ui-testing";
		};
/* End PBXNativeTarget section */

/* Begin PBXProject section */
		CB97499B276A4F7700357BF2 /* Project object */ = {
			isa = PBXProject;
			attributes = {
				BuildIndependentTargetsInParallel = 1;
				LastSwiftUpdateCheck = 1320;
				LastUpgradeCheck = 1320;
				ORGANIZATIONNAME = Tyler;
				TargetAttributes = {
					CB9749A2276A4F7700357BF2 = {
						CreatedOnToolsVersion = 13.2;
					};
					CB9749B8276A4F7800357BF2 = {
						CreatedOnToolsVersion = 13.2;
						TestTargetID = CB9749A2276A4F7700357BF2;
					};
					CB9749C2276A4F7800357BF2 = {
						CreatedOnToolsVersion = 13.2;
						TestTargetID = CB9749A2276A4F7700357BF2;
					};
				};
			};
			buildConfigurationList = CB97499E276A4F7700357BF2 /* Build configuration list for PBXProject "Spender" */;
			compatibilityVersion = "Xcode 13.0";
			developmentRegion = en;
			hasScannedForEncodings = 0;
			knownRegions = (
				en,
				Base,
				th,
				my,
			);
			mainGroup = CB97499A276A4F7700357BF2;
			productRefGroup = CB9749A4276A4F7700357BF2 /* Products */;
			projectDirPath = "";
			projectRoot = "";
			targets = (
				CB9749A2276A4F7700357BF2 /* Spender */,
				CB9749B8276A4F7800357BF2 /* SpenderTests */,
				CB9749C2276A4F7800357BF2 /* SpenderUITests */,
			);
		};
/* End PBXProject section */

/* Begin PBXResourcesBuildPhase section */
		CB9749A1276A4F7700357BF2 /* Resources */ = {
			isa = PBXResourcesBuildPhase;
			buildActionMask = 2147483647;
			files = (
				CB13A6C5277782CD00B89753 /* TransactionTableViewCell.xib in Resources */,
				CB9749B3276A4F7800357BF2 /* LaunchScreen.storyboard in Resources */,
				CB51E0042896D230006BCBB3 /* mm.strings in Resources */,
				CB51DFD628965305006BCBB3 /* Pyidaungsu.ttf in Resources */,
				CB51E0052896D230006BCBB3 /* th.strings in Resources */,
				CB9749D7276A52A400357BF2 /* GoogleService-Info.plist in Resources */,
				CB51E0032896D230006BCBB3 /* en.strings in Resources */,
				CB7BF85D276F7D700090FE0A /* Wallets.storyboard in Resources */,
				CB9749B0276A4F7800357BF2 /* Assets.xcassets in Resources */,
				CB51DFD128963609006BCBB3 /* SpenderNavBar.xib in Resources */,
				CB7BF85B276F7D630090FE0A /* Home.storyboard in Resources */,
				CB9749AE276A4F7700357BF2 /* Main.storyboard in Resources */,
				CB51DFF828967B77006BCBB3 /* ColorAssets.xcassets in Resources */,
				CB7BF861276F7D9A0090FE0A /* Settings.storyboard in Resources */,
				CB51DFCB2896236B006BCBB3 /* PinCode.storyboard in Resources */,
				CB7BF852276F387D0090FE0A /* Login.storyboard in Resources */,
				CB7BF85F276F7D830090FE0A /* Activity.storyboard in Resources */,
			);
			runOnlyForDeploymentPostprocessing = 0;
		};
		CB9749B7276A4F7800357BF2 /* Resources */ = {
			isa = PBXResourcesBuildPhase;
			buildActionMask = 2147483647;
			files = (
			);
			runOnlyForDeploymentPostprocessing = 0;
		};
		CB9749C1276A4F7800357BF2 /* Resources */ = {
			isa = PBXResourcesBuildPhase;
			buildActionMask = 2147483647;
			files = (
			);
			runOnlyForDeploymentPostprocessing = 0;
		};
/* End PBXResourcesBuildPhase section */

/* Begin PBXShellScriptBuildPhase section */
		05672EC18DBADDDA105CA233 /* [CP] Check Pods Manifest.lock */ = {
			isa = PBXShellScriptBuildPhase;
			buildActionMask = 2147483647;
			files = (
			);
			inputFileListPaths = (
			);
			inputPaths = (
				"${PODS_PODFILE_DIR_PATH}/Podfile.lock",
				"${PODS_ROOT}/Manifest.lock",
			);
			name = "[CP] Check Pods Manifest.lock";
			outputFileListPaths = (
			);
			outputPaths = (
				"$(DERIVED_FILE_DIR)/Pods-Spender-SpenderTests-checkManifestLockResult.txt",
			);
			runOnlyForDeploymentPostprocessing = 0;
			shellPath = /bin/sh;
			shellScript = "diff \"${PODS_PODFILE_DIR_PATH}/Podfile.lock\" \"${PODS_ROOT}/Manifest.lock\" > /dev/null\nif [ $? != 0 ] ; then\n    # print error to STDERR\n    echo \"error: The sandbox is not in sync with the Podfile.lock. Run 'pod install' or update your CocoaPods installation.\" >&2\n    exit 1\nfi\n# This output is used by Xcode 'outputs' to avoid re-running this script phase.\necho \"SUCCESS\" > \"${SCRIPT_OUTPUT_FILE_0}\"\n";
			showEnvVarsInLog = 0;
		};
		1DEB4B90FBDCBFC11789980D /* [CP] Embed Pods Frameworks */ = {
			isa = PBXShellScriptBuildPhase;
			buildActionMask = 2147483647;
			files = (
			);
			inputFileListPaths = (
				"${PODS_ROOT}/Target Support Files/Pods-Spender/Pods-Spender-frameworks-${CONFIGURATION}-input-files.xcfilelist",
			);
			name = "[CP] Embed Pods Frameworks";
			outputFileListPaths = (
				"${PODS_ROOT}/Target Support Files/Pods-Spender/Pods-Spender-frameworks-${CONFIGURATION}-output-files.xcfilelist",
			);
			runOnlyForDeploymentPostprocessing = 0;
			shellPath = /bin/sh;
			shellScript = "\"${PODS_ROOT}/Target Support Files/Pods-Spender/Pods-Spender-frameworks.sh\"\n";
			showEnvVarsInLog = 0;
		};
		5CB99EFC4D71C764C900B3F7 /* [CP] Check Pods Manifest.lock */ = {
			isa = PBXShellScriptBuildPhase;
			buildActionMask = 2147483647;
			files = (
			);
			inputFileListPaths = (
			);
			inputPaths = (
				"${PODS_PODFILE_DIR_PATH}/Podfile.lock",
				"${PODS_ROOT}/Manifest.lock",
			);
			name = "[CP] Check Pods Manifest.lock";
			outputFileListPaths = (
			);
			outputPaths = (
				"$(DERIVED_FILE_DIR)/Pods-Spender-checkManifestLockResult.txt",
			);
			runOnlyForDeploymentPostprocessing = 0;
			shellPath = /bin/sh;
			shellScript = "diff \"${PODS_PODFILE_DIR_PATH}/Podfile.lock\" \"${PODS_ROOT}/Manifest.lock\" > /dev/null\nif [ $? != 0 ] ; then\n    # print error to STDERR\n    echo \"error: The sandbox is not in sync with the Podfile.lock. Run 'pod install' or update your CocoaPods installation.\" >&2\n    exit 1\nfi\n# This output is used by Xcode 'outputs' to avoid re-running this script phase.\necho \"SUCCESS\" > \"${SCRIPT_OUTPUT_FILE_0}\"\n";
			showEnvVarsInLog = 0;
		};
		87C59F499295B2F869AA4279 /* [CP] Embed Pods Frameworks */ = {
			isa = PBXShellScriptBuildPhase;
			buildActionMask = 2147483647;
			files = (
			);
			inputFileListPaths = (
				"${PODS_ROOT}/Target Support Files/Pods-Spender-SpenderUITests/Pods-Spender-SpenderUITests-frameworks-${CONFIGURATION}-input-files.xcfilelist",
			);
			name = "[CP] Embed Pods Frameworks";
			outputFileListPaths = (
				"${PODS_ROOT}/Target Support Files/Pods-Spender-SpenderUITests/Pods-Spender-SpenderUITests-frameworks-${CONFIGURATION}-output-files.xcfilelist",
			);
			runOnlyForDeploymentPostprocessing = 0;
			shellPath = /bin/sh;
			shellScript = "\"${PODS_ROOT}/Target Support Files/Pods-Spender-SpenderUITests/Pods-Spender-SpenderUITests-frameworks.sh\"\n";
			showEnvVarsInLog = 0;
		};
		89C6E462D968904130557C81 /* [CP] Check Pods Manifest.lock */ = {
			isa = PBXShellScriptBuildPhase;
			buildActionMask = 2147483647;
			files = (
			);
			inputFileListPaths = (
			);
			inputPaths = (
				"${PODS_PODFILE_DIR_PATH}/Podfile.lock",
				"${PODS_ROOT}/Manifest.lock",
			);
			name = "[CP] Check Pods Manifest.lock";
			outputFileListPaths = (
			);
			outputPaths = (
				"$(DERIVED_FILE_DIR)/Pods-Spender-SpenderUITests-checkManifestLockResult.txt",
			);
			runOnlyForDeploymentPostprocessing = 0;
			shellPath = /bin/sh;
			shellScript = "diff \"${PODS_PODFILE_DIR_PATH}/Podfile.lock\" \"${PODS_ROOT}/Manifest.lock\" > /dev/null\nif [ $? != 0 ] ; then\n    # print error to STDERR\n    echo \"error: The sandbox is not in sync with the Podfile.lock. Run 'pod install' or update your CocoaPods installation.\" >&2\n    exit 1\nfi\n# This output is used by Xcode 'outputs' to avoid re-running this script phase.\necho \"SUCCESS\" > \"${SCRIPT_OUTPUT_FILE_0}\"\n";
			showEnvVarsInLog = 0;
		};
		FB05E1FE17D16D635446BCAC /* [CP] Embed Pods Frameworks */ = {
			isa = PBXShellScriptBuildPhase;
			buildActionMask = 2147483647;
			files = (
			);
			inputFileListPaths = (
				"${PODS_ROOT}/Target Support Files/Pods-Spender-SpenderTests/Pods-Spender-SpenderTests-frameworks-${CONFIGURATION}-input-files.xcfilelist",
			);
			name = "[CP] Embed Pods Frameworks";
			outputFileListPaths = (
				"${PODS_ROOT}/Target Support Files/Pods-Spender-SpenderTests/Pods-Spender-SpenderTests-frameworks-${CONFIGURATION}-output-files.xcfilelist",
			);
			runOnlyForDeploymentPostprocessing = 0;
			shellPath = /bin/sh;
			shellScript = "\"${PODS_ROOT}/Target Support Files/Pods-Spender-SpenderTests/Pods-Spender-SpenderTests-frameworks.sh\"\n";
			showEnvVarsInLog = 0;
		};
/* End PBXShellScriptBuildPhase section */

/* Begin PBXSourcesBuildPhase section */
		CB97499F276A4F7700357BF2 /* Sources */ = {
			isa = PBXSourcesBuildPhase;
			buildActionMask = 2147483647;
			files = (
				CB51DFDA28965522006BCBB3 /* UIFont + Extensions.swift in Sources */,
				CB8674F82896E50700144558 /* APIHeaders.swift in Sources */,
				CB9749AB276A4F7700357BF2 /* ViewController.swift in Sources */,
				CB8675042896EFA700144558 /* ExchangeRateAPI.swift in Sources */,
				CB51DFCF289635FE006BCBB3 /* SpenderNavBar.swift in Sources */,
				CB0DCAE3285F87C2004A87FA /* CommonVM.swift in Sources */,
				CB51DFDE2896558B006BCBB3 /* SpenderImageViewController.swift in Sources */,
				CB8675002896EF8900144558 /* AppConfigAPI.swift in Sources */,
				CB51DFEA28966674006BCBB3 /* Locale.swift in Sources */,
				CB9749A7276A4F7700357BF2 /* AppDelegate.swift in Sources */,
				CB7BF86B276F81A80090FE0A /* SettingsVC.swift in Sources */,
				CB0DCADE285F8719004A87FA /* HomeVM.swift in Sources */,
				CB0DCADA285F8703004A87FA /* ActivityVM.swift in Sources */,
				CBADC22B276DC6D900F8003A /* SplashScreenController.swift in Sources */,
				CB0DCAE0285F872E004A87FA /* AuthVM.swift in Sources */,
				CB8674FA2896EF6A00144558 /* AuthAPI.swift in Sources */,
				CB8675022896EF9400144558 /* FeedbackAPI.swift in Sources */,
				CB7BF869276F819D0090FE0A /* ActivityVC.swift in Sources */,
				CB51DFEE28966B06006BCBB3 /* UserDefaultsUtils.swift in Sources */,
				CB7BF858276F4E150090FE0A /* HomeVC.swift in Sources */,
				CB7BF856276F4B2A0090FE0A /* MainTabBarViewController.swift in Sources */,
				CB8674F42896DC7A00144558 /* SpenderPrimaryButton.swift in Sources */,
				CB8674FC2896EF7200144558 /* WalletAPI.swift in Sources */,
				CB8674F22896DC6B00144558 /* LoadingButton.swift in Sources */,
				CB51DFE02896559B006BCBB3 /* SpenderViewController.swift in Sources */,
				CBADC22D276DCABF00F8003A /* LoginVC.swift in Sources */,
				CB0DCADC285F870C004A87FA /* WalletsVM.swift in Sources */,
				CB51DFC928962362006BCBB3 /* PinCodeVC.swift in Sources */,
				CB7BF867276F81900090FE0A /* WalletsVC.swift in Sources */,
				CB8674F62896E1B900144558 /* API.swift in Sources */,
				CB51DFF028967440006BCBB3 /* Localizable.swift in Sources */,
				CB7BF850276F2C990090FE0A /* ViewController + Extensions.swift in Sources */,
				CB13A6C4277782CD00B89753 /* TransactionTableViewCell.swift in Sources */,
				CB51DFDC2896553D006BCBB3 /* UIColor + Extensions.swift in Sources */,
				CB51DFFA2896C650006BCBB3 /* AssociateObject.swift in Sources */,
				CB0DCAD6285F86CE004A87FA /* SettingsVM.swift in Sources */,
				CB9749A9276A4F7700357BF2 /* SceneDelegate.swift in Sources */,
				CB8674FE2896EF7D00144558 /* TransactionAPI.swift in Sources */,
			);
			runOnlyForDeploymentPostprocessing = 0;
		};
		CB9749B5276A4F7800357BF2 /* Sources */ = {
			isa = PBXSourcesBuildPhase;
			buildActionMask = 2147483647;
			files = (
				CB9749BE276A4F7800357BF2 /* SpenderTests.swift in Sources */,
			);
			runOnlyForDeploymentPostprocessing = 0;
		};
		CB9749BF276A4F7800357BF2 /* Sources */ = {
			isa = PBXSourcesBuildPhase;
			buildActionMask = 2147483647;
			files = (
				CB9749CA276A4F7800357BF2 /* SpenderUITestsLaunchTests.swift in Sources */,
				CB9749C8276A4F7800357BF2 /* SpenderUITests.swift in Sources */,
			);
			runOnlyForDeploymentPostprocessing = 0;
		};
/* End PBXSourcesBuildPhase section */

/* Begin PBXTargetDependency section */
		CB9749BB276A4F7800357BF2 /* PBXTargetDependency */ = {
			isa = PBXTargetDependency;
			target = CB9749A2276A4F7700357BF2 /* Spender */;
			targetProxy = CB9749BA276A4F7800357BF2 /* PBXContainerItemProxy */;
		};
		CB9749C5276A4F7800357BF2 /* PBXTargetDependency */ = {
			isa = PBXTargetDependency;
			target = CB9749A2276A4F7700357BF2 /* Spender */;
			targetProxy = CB9749C4276A4F7800357BF2 /* PBXContainerItemProxy */;
		};
/* End PBXTargetDependency section */

/* Begin PBXVariantGroup section */
		CB9749AC276A4F7700357BF2 /* Main.storyboard */ = {
			isa = PBXVariantGroup;
			children = (
				CB9749AD276A4F7700357BF2 /* Base */,
				CB51DFFB2896D092006BCBB3 /* th */,
				CB51DFFD2896D0B4006BCBB3 /* my */,
			);
			name = Main.storyboard;
			sourceTree = "<group>";
		};
		CB9749B1276A4F7800357BF2 /* LaunchScreen.storyboard */ = {
			isa = PBXVariantGroup;
			children = (
				CB9749B2276A4F7800357BF2 /* Base */,
				CB51DFFC2896D093006BCBB3 /* th */,
				CB51DFFE2896D0B6006BCBB3 /* my */,
			);
			name = LaunchScreen.storyboard;
			sourceTree = "<group>";
		};
/* End PBXVariantGroup section */

/* Begin XCBuildConfiguration section */
		CB9749CB276A4F7800357BF2 /* Debug */ = {
			isa = XCBuildConfiguration;
			buildSettings = {
				ALWAYS_SEARCH_USER_PATHS = NO;
				CLANG_ANALYZER_LOCALIZABILITY_NONLOCALIZED = YES;
				CLANG_ANALYZER_NONNULL = YES;
				CLANG_ANALYZER_NUMBER_OBJECT_CONVERSION = YES_AGGRESSIVE;
				CLANG_CXX_LANGUAGE_STANDARD = "gnu++17";
				CLANG_CXX_LIBRARY = "libc++";
				CLANG_ENABLE_MODULES = YES;
				CLANG_ENABLE_OBJC_ARC = YES;
				CLANG_ENABLE_OBJC_WEAK = YES;
				CLANG_WARN_BLOCK_CAPTURE_AUTORELEASING = YES;
				CLANG_WARN_BOOL_CONVERSION = YES;
				CLANG_WARN_COMMA = YES;
				CLANG_WARN_CONSTANT_CONVERSION = YES;
				CLANG_WARN_DEPRECATED_OBJC_IMPLEMENTATIONS = YES;
				CLANG_WARN_DIRECT_OBJC_ISA_USAGE = YES_ERROR;
				CLANG_WARN_DOCUMENTATION_COMMENTS = YES;
				CLANG_WARN_EMPTY_BODY = YES;
				CLANG_WARN_ENUM_CONVERSION = YES;
				CLANG_WARN_INFINITE_RECURSION = YES;
				CLANG_WARN_INT_CONVERSION = YES;
				CLANG_WARN_NON_LITERAL_NULL_CONVERSION = YES;
				CLANG_WARN_OBJC_IMPLICIT_RETAIN_SELF = YES;
				CLANG_WARN_OBJC_LITERAL_CONVERSION = YES;
				CLANG_WARN_OBJC_ROOT_CLASS = YES_ERROR;
				CLANG_WARN_QUOTED_INCLUDE_IN_FRAMEWORK_HEADER = YES;
				CLANG_WARN_RANGE_LOOP_ANALYSIS = YES;
				CLANG_WARN_STRICT_PROTOTYPES = YES;
				CLANG_WARN_SUSPICIOUS_MOVE = YES;
				CLANG_WARN_UNGUARDED_AVAILABILITY = YES_AGGRESSIVE;
				CLANG_WARN_UNREACHABLE_CODE = YES;
				CLANG_WARN__DUPLICATE_METHOD_MATCH = YES;
				COPY_PHASE_STRIP = NO;
				DEBUG_INFORMATION_FORMAT = "dwarf-with-dsym";
				ENABLE_STRICT_OBJC_MSGSEND = YES;
				ENABLE_TESTABILITY = YES;
				GCC_C_LANGUAGE_STANDARD = gnu11;
				GCC_DYNAMIC_NO_PIC = NO;
				GCC_NO_COMMON_BLOCKS = YES;
				GCC_OPTIMIZATION_LEVEL = 0;
				GCC_PREPROCESSOR_DEFINITIONS = (
					"DEBUG=1",
					"$(inherited)",
				);
				GCC_WARN_64_TO_32_BIT_CONVERSION = YES;
				GCC_WARN_ABOUT_RETURN_TYPE = YES_ERROR;
				GCC_WARN_UNDECLARED_SELECTOR = YES;
				GCC_WARN_UNINITIALIZED_AUTOS = YES_AGGRESSIVE;
				GCC_WARN_UNUSED_FUNCTION = YES;
				GCC_WARN_UNUSED_VARIABLE = YES;
				IPHONEOS_DEPLOYMENT_TARGET = 15.5;
				MTL_ENABLE_DEBUG_INFO = INCLUDE_SOURCE;
				MTL_FAST_MATH = YES;
				ONLY_ACTIVE_ARCH = YES;
				SDKROOT = iphoneos;
				SWIFT_ACTIVE_COMPILATION_CONDITIONS = DEBUG;
				SWIFT_OPTIMIZATION_LEVEL = "-Onone";
			};
			name = Debug;
		};
		CB9749CC276A4F7800357BF2 /* Release */ = {
			isa = XCBuildConfiguration;
			buildSettings = {
				ALWAYS_SEARCH_USER_PATHS = NO;
				CLANG_ANALYZER_LOCALIZABILITY_NONLOCALIZED = YES;
				CLANG_ANALYZER_NONNULL = YES;
				CLANG_ANALYZER_NUMBER_OBJECT_CONVERSION = YES_AGGRESSIVE;
				CLANG_CXX_LANGUAGE_STANDARD = "gnu++17";
				CLANG_CXX_LIBRARY = "libc++";
				CLANG_ENABLE_MODULES = YES;
				CLANG_ENABLE_OBJC_ARC = YES;
				CLANG_ENABLE_OBJC_WEAK = YES;
				CLANG_WARN_BLOCK_CAPTURE_AUTORELEASING = YES;
				CLANG_WARN_BOOL_CONVERSION = YES;
				CLANG_WARN_COMMA = YES;
				CLANG_WARN_CONSTANT_CONVERSION = YES;
				CLANG_WARN_DEPRECATED_OBJC_IMPLEMENTATIONS = YES;
				CLANG_WARN_DIRECT_OBJC_ISA_USAGE = YES_ERROR;
				CLANG_WARN_DOCUMENTATION_COMMENTS = YES;
				CLANG_WARN_EMPTY_BODY = YES;
				CLANG_WARN_ENUM_CONVERSION = YES;
				CLANG_WARN_INFINITE_RECURSION = YES;
				CLANG_WARN_INT_CONVERSION = YES;
				CLANG_WARN_NON_LITERAL_NULL_CONVERSION = YES;
				CLANG_WARN_OBJC_IMPLICIT_RETAIN_SELF = YES;
				CLANG_WARN_OBJC_LITERAL_CONVERSION = YES;
				CLANG_WARN_OBJC_ROOT_CLASS = YES_ERROR;
				CLANG_WARN_QUOTED_INCLUDE_IN_FRAMEWORK_HEADER = YES;
				CLANG_WARN_RANGE_LOOP_ANALYSIS = YES;
				CLANG_WARN_STRICT_PROTOTYPES = YES;
				CLANG_WARN_SUSPICIOUS_MOVE = YES;
				CLANG_WARN_UNGUARDED_AVAILABILITY = YES_AGGRESSIVE;
				CLANG_WARN_UNREACHABLE_CODE = YES;
				CLANG_WARN__DUPLICATE_METHOD_MATCH = YES;
				COPY_PHASE_STRIP = NO;
				DEBUG_INFORMATION_FORMAT = "dwarf-with-dsym";
				ENABLE_NS_ASSERTIONS = NO;
				ENABLE_STRICT_OBJC_MSGSEND = YES;
				GCC_C_LANGUAGE_STANDARD = gnu11;
				GCC_NO_COMMON_BLOCKS = YES;
				GCC_WARN_64_TO_32_BIT_CONVERSION = YES;
				GCC_WARN_ABOUT_RETURN_TYPE = YES_ERROR;
				GCC_WARN_UNDECLARED_SELECTOR = YES;
				GCC_WARN_UNINITIALIZED_AUTOS = YES_AGGRESSIVE;
				GCC_WARN_UNUSED_FUNCTION = YES;
				GCC_WARN_UNUSED_VARIABLE = YES;
				IPHONEOS_DEPLOYMENT_TARGET = 15.5;
				MTL_ENABLE_DEBUG_INFO = NO;
				MTL_FAST_MATH = YES;
				SDKROOT = iphoneos;
				SWIFT_COMPILATION_MODE = wholemodule;
				SWIFT_OPTIMIZATION_LEVEL = "-O";
				VALIDATE_PRODUCT = YES;
			};
			name = Release;
		};
		CB9749CE276A4F7800357BF2 /* Debug */ = {
			isa = XCBuildConfiguration;
			baseConfigurationReference = C182BA3C70AFA8C15DC635AF /* Pods-Spender.debug.xcconfig */;
			buildSettings = {
				ASSETCATALOG_COMPILER_APPICON_NAME = AppIcon;
				ASSETCATALOG_COMPILER_GLOBAL_ACCENT_COLOR_NAME = AccentColor;
				CODE_SIGN_STYLE = Automatic;
				CURRENT_PROJECT_VERSION = 1;
				DEVELOPMENT_TEAM = 469N27T8BN;
				GENERATE_INFOPLIST_FILE = YES;
				INFOPLIST_FILE = Spender/Info.plist;
				INFOPLIST_KEY_UIApplicationSupportsIndirectInputEvents = YES;
				INFOPLIST_KEY_UILaunchStoryboardName = Main;
				INFOPLIST_KEY_UIMainStoryboardFile = LaunchScreen;
				INFOPLIST_KEY_UISupportedInterfaceOrientations = UIInterfaceOrientationPortrait;
				INFOPLIST_KEY_UISupportedInterfaceOrientations_iPad = "UIInterfaceOrientationPortrait UIInterfaceOrientationPortraitUpsideDown UIInterfaceOrientationLandscapeLeft UIInterfaceOrientationLandscapeRight";
				INFOPLIST_KEY_UISupportedInterfaceOrientations_iPhone = "UIInterfaceOrientationPortrait UIInterfaceOrientationLandscapeLeft UIInterfaceOrientationLandscapeRight";
				LD_RUNPATH_SEARCH_PATHS = (
					"$(inherited)",
					"@executable_path/Frameworks",
				);
				MARKETING_VERSION = 1.0;
				PRODUCT_BUNDLE_IDENTIFIER = com.sai.Spender;
				PRODUCT_NAME = "$(TARGET_NAME)";
				SWIFT_EMIT_LOC_STRINGS = YES;
				SWIFT_VERSION = 5.0;
				TARGETED_DEVICE_FAMILY = "1,2";
				VALIDATE_PRODUCT = NO;
			};
			name = Debug;
		};
		CB9749CF276A4F7800357BF2 /* Release */ = {
			isa = XCBuildConfiguration;
			baseConfigurationReference = CC4A85D7CEC8AA7DA6041D72 /* Pods-Spender.release.xcconfig */;
			buildSettings = {
				ASSETCATALOG_COMPILER_APPICON_NAME = AppIcon;
				ASSETCATALOG_COMPILER_GLOBAL_ACCENT_COLOR_NAME = AccentColor;
				CODE_SIGN_IDENTITY = "Apple Development";
				CODE_SIGN_STYLE = Automatic;
				CURRENT_PROJECT_VERSION = 1;
				DEVELOPMENT_TEAM = 469N27T8BN;
				GENERATE_INFOPLIST_FILE = YES;
				INFOPLIST_FILE = Spender/Info.plist;
				INFOPLIST_KEY_UIApplicationSupportsIndirectInputEvents = YES;
				INFOPLIST_KEY_UILaunchStoryboardName = Main;
				INFOPLIST_KEY_UIMainStoryboardFile = LaunchScreen;
				INFOPLIST_KEY_UISupportedInterfaceOrientations = UIInterfaceOrientationPortrait;
				INFOPLIST_KEY_UISupportedInterfaceOrientations_iPad = "UIInterfaceOrientationPortrait UIInterfaceOrientationPortraitUpsideDown UIInterfaceOrientationLandscapeLeft UIInterfaceOrientationLandscapeRight";
				INFOPLIST_KEY_UISupportedInterfaceOrientations_iPhone = "UIInterfaceOrientationPortrait UIInterfaceOrientationLandscapeLeft UIInterfaceOrientationLandscapeRight";
				LD_RUNPATH_SEARCH_PATHS = (
					"$(inherited)",
					"@executable_path/Frameworks",
				);
				MARKETING_VERSION = 1.0;
				PRODUCT_BUNDLE_IDENTIFIER = com.sai.Spender;
				PRODUCT_NAME = "$(TARGET_NAME)";
				PROVISIONING_PROFILE_SPECIFIER = "";
				SWIFT_EMIT_LOC_STRINGS = YES;
				SWIFT_VERSION = 5.0;
				TARGETED_DEVICE_FAMILY = "1,2";
			};
			name = Release;
		};
		CB9749D1276A4F7800357BF2 /* Debug */ = {
			isa = XCBuildConfiguration;
			baseConfigurationReference = 61BBA2CA7317496244184B0D /* Pods-Spender-SpenderTests.debug.xcconfig */;
			buildSettings = {
				ALWAYS_EMBED_SWIFT_STANDARD_LIBRARIES = "$(inherited)";
				BUNDLE_LOADER = "$(TEST_HOST)";
				CODE_SIGN_STYLE = Automatic;
				CURRENT_PROJECT_VERSION = 1;
				DEVELOPMENT_TEAM = 469N27T8BN;
				GENERATE_INFOPLIST_FILE = YES;
				IPHONEOS_DEPLOYMENT_TARGET = 15.2;
				MARKETING_VERSION = 1.0;
				PRODUCT_BUNDLE_IDENTIFIER = com.sai.SpenderTests;
				PRODUCT_NAME = "$(TARGET_NAME)";
				SWIFT_EMIT_LOC_STRINGS = NO;
				SWIFT_VERSION = 5.0;
				TARGETED_DEVICE_FAMILY = "1,2";
				TEST_HOST = "$(BUILT_PRODUCTS_DIR)/Spender.app/Spender";
			};
			name = Debug;
		};
		CB9749D2276A4F7800357BF2 /* Release */ = {
			isa = XCBuildConfiguration;
			baseConfigurationReference = 54B11920E6D26B9002FA5B20 /* Pods-Spender-SpenderTests.release.xcconfig */;
			buildSettings = {
				ALWAYS_EMBED_SWIFT_STANDARD_LIBRARIES = "$(inherited)";
				BUNDLE_LOADER = "$(TEST_HOST)";
				CODE_SIGN_STYLE = Automatic;
				CURRENT_PROJECT_VERSION = 1;
				DEVELOPMENT_TEAM = 469N27T8BN;
				GENERATE_INFOPLIST_FILE = YES;
				IPHONEOS_DEPLOYMENT_TARGET = 15.2;
				MARKETING_VERSION = 1.0;
				PRODUCT_BUNDLE_IDENTIFIER = com.sai.SpenderTests;
				PRODUCT_NAME = "$(TARGET_NAME)";
				SWIFT_EMIT_LOC_STRINGS = NO;
				SWIFT_VERSION = 5.0;
				TARGETED_DEVICE_FAMILY = "1,2";
				TEST_HOST = "$(BUILT_PRODUCTS_DIR)/Spender.app/Spender";
			};
			name = Release;
		};
		CB9749D4276A4F7800357BF2 /* Debug */ = {
			isa = XCBuildConfiguration;
			baseConfigurationReference = 7A6DC89B4107F6319B6A9907 /* Pods-Spender-SpenderUITests.debug.xcconfig */;
			buildSettings = {
				ALWAYS_EMBED_SWIFT_STANDARD_LIBRARIES = "$(inherited)";
				CODE_SIGN_STYLE = Automatic;
				CURRENT_PROJECT_VERSION = 1;
				DEVELOPMENT_TEAM = 469N27T8BN;
				GENERATE_INFOPLIST_FILE = YES;
				MARKETING_VERSION = 1.0;
				PRODUCT_BUNDLE_IDENTIFIER = com.sai.SpenderUITests;
				PRODUCT_NAME = "$(TARGET_NAME)";
				SWIFT_EMIT_LOC_STRINGS = NO;
				SWIFT_VERSION = 5.0;
				TARGETED_DEVICE_FAMILY = "1,2";
				TEST_TARGET_NAME = Spender;
			};
			name = Debug;
		};
		CB9749D5276A4F7800357BF2 /* Release */ = {
			isa = XCBuildConfiguration;
			baseConfigurationReference = 30942941312E4434BBE4D489 /* Pods-Spender-SpenderUITests.release.xcconfig */;
			buildSettings = {
				ALWAYS_EMBED_SWIFT_STANDARD_LIBRARIES = "$(inherited)";
				CODE_SIGN_STYLE = Automatic;
				CURRENT_PROJECT_VERSION = 1;
				DEVELOPMENT_TEAM = 469N27T8BN;
				GENERATE_INFOPLIST_FILE = YES;
				MARKETING_VERSION = 1.0;
				PRODUCT_BUNDLE_IDENTIFIER = com.sai.SpenderUITests;
				PRODUCT_NAME = "$(TARGET_NAME)";
				SWIFT_EMIT_LOC_STRINGS = NO;
				SWIFT_VERSION = 5.0;
				TARGETED_DEVICE_FAMILY = "1,2";
				TEST_TARGET_NAME = Spender;
			};
			name = Release;
		};
/* End XCBuildConfiguration section */

/* Begin XCConfigurationList section */
		CB97499E276A4F7700357BF2 /* Build configuration list for PBXProject "Spender" */ = {
			isa = XCConfigurationList;
			buildConfigurations = (
				CB9749CB276A4F7800357BF2 /* Debug */,
				CB9749CC276A4F7800357BF2 /* Release */,
			);
			defaultConfigurationIsVisible = 0;
			defaultConfigurationName = Release;
		};
		CB9749CD276A4F7800357BF2 /* Build configuration list for PBXNativeTarget "Spender" */ = {
			isa = XCConfigurationList;
			buildConfigurations = (
				CB9749CE276A4F7800357BF2 /* Debug */,
				CB9749CF276A4F7800357BF2 /* Release */,
			);
			defaultConfigurationIsVisible = 0;
			defaultConfigurationName = Release;
		};
		CB9749D0276A4F7800357BF2 /* Build configuration list for PBXNativeTarget "SpenderTests" */ = {
			isa = XCConfigurationList;
			buildConfigurations = (
				CB9749D1276A4F7800357BF2 /* Debug */,
				CB9749D2276A4F7800357BF2 /* Release */,
			);
			defaultConfigurationIsVisible = 0;
			defaultConfigurationName = Release;
		};
		CB9749D3276A4F7800357BF2 /* Build configuration list for PBXNativeTarget "SpenderUITests" */ = {
			isa = XCConfigurationList;
			buildConfigurations = (
				CB9749D4276A4F7800357BF2 /* Debug */,
				CB9749D5276A4F7800357BF2 /* Release */,
			);
			defaultConfigurationIsVisible = 0;
			defaultConfigurationName = Release;
		};
/* End XCConfigurationList section */
	};
	rootObject = CB97499B276A4F7700357BF2 /* Project object */;
}
